// !$*UTF8*$!
{
	archiveVersion = 1;
	classes = {
	};
	objectVersion = 46;
	objects = {

/* Begin PBXBuildFile section */
		1F6CACA519A7C5070025CB67 /* AddAlarmViewController.m in Sources */ = {isa = PBXBuildFile; fileRef = 1F6CACA419A7C5070025CB67 /* AddAlarmViewController.m */; };
		1FDC25F519B6661E0009ED53 /* titleScreen_open.png in Resources */ = {isa = PBXBuildFile; fileRef = 1FDC25F319B6661E0009ED53 /* titleScreen_open.png */; };
		1FDC25F719B666F60009ED53 /* Images.xcassets in Resources */ = {isa = PBXBuildFile; fileRef = 1FDC25F619B666F60009ED53 /* Images.xcassets */; };
		410D4096FBC94DA38C5FBA9E /* libPods.a in Frameworks */ = {isa = PBXBuildFile; fileRef = 60DF75B9A60E451FB11298AB /* libPods.a */; };
		71623D2519B2B6EC0025AE4B /* JokeCollection.m in Sources */ = {isa = PBXBuildFile; fileRef = 71623D2419B2B6EC0025AE4B /* JokeCollection.m */; };
		71A3AE9319B4D23B00D1001C /* NSArray+AMRandomElement.m in Sources */ = {isa = PBXBuildFile; fileRef = 71A3AE9219B4D23B00D1001C /* NSArray+AMRandomElement.m */; };
		71E6BCEB19B2CD0A00FC94F3 /* Default-568h@2x.png in Resources */ = {isa = PBXBuildFile; fileRef = 71E6BCEA19B2CD0A00FC94F3 /* Default-568h@2x.png */; };
		7908639419B7C05600EDD19B /* SoundViewController.m in Sources */ = {isa = PBXBuildFile; fileRef = 7908639319B7C05600EDD19B /* SoundViewController.m */; };
		792A791619ABF4C80099A32F /* AlarMockTableViewCell.m in Sources */ = {isa = PBXBuildFile; fileRef = 792A791519ABF4C80099A32F /* AlarMockTableViewCell.m */; };
		79318CCF19A8E7F70021D655 /* CoreData.framework in Frameworks */ = {isa = PBXBuildFile; fileRef = 79318CCE19A8E7F70021D655 /* CoreData.framework */; };
		79350E2619B4EFD4009E47E6 /* groudhog.mp3 in Resources */ = {isa = PBXBuildFile; fileRef = 79350E2519B4EFD4009E47E6 /* groudhog.mp3 */; };
		797DF3DC19A962FE00FDD94B /* RepeatViewController.m in Sources */ = {isa = PBXBuildFile; fileRef = 797DF3DB19A962FE00FDD94B /* RepeatViewController.m */; };
		79A2518F19AE2E7F009174C8 /* AlarmEngine.m in Sources */ = {isa = PBXBuildFile; fileRef = 79A2518E19AE2E7F009174C8 /* AlarmEngine.m */; };
		79A2519119AF8366009174C8 /* AVFoundation.framework in Frameworks */ = {isa = PBXBuildFile; fileRef = 79A2519019AF8365009174C8 /* AVFoundation.framework */; };
		79A2A95B19B0C5EC005BB9AC /* Alarm.m in Sources */ = {isa = PBXBuildFile; fileRef = 79A2A95A19B0C5EC005BB9AC /* Alarm.m */; };
		98315B0119ABD40300D717F0 /* AlarmJoke.m in Sources */ = {isa = PBXBuildFile; fileRef = 98315B0019ABD40300D717F0 /* AlarmJoke.m */; };
		98315B0419ABD4E700D717F0 /* SnoozeJoke.m in Sources */ = {isa = PBXBuildFile; fileRef = 98315B0319ABD4E700D717F0 /* SnoozeJoke.m */; };
		98341C2D19B7B92E00CA2F3A /* 120x120.png in Resources */ = {isa = PBXBuildFile; fileRef = 98341C2C19B7B92E00CA2F3A /* 120x120.png */; };
		98962DBD19A7C0E700DEE9B5 /* Foundation.framework in Frameworks */ = {isa = PBXBuildFile; fileRef = 98962DBC19A7C0E700DEE9B5 /* Foundation.framework */; };
		98962DBF19A7C0E700DEE9B5 /* CoreGraphics.framework in Frameworks */ = {isa = PBXBuildFile; fileRef = 98962DBE19A7C0E700DEE9B5 /* CoreGraphics.framework */; };
		98962DC119A7C0E700DEE9B5 /* UIKit.framework in Frameworks */ = {isa = PBXBuildFile; fileRef = 98962DC019A7C0E700DEE9B5 /* UIKit.framework */; };
		98962DC719A7C0E700DEE9B5 /* InfoPlist.strings in Resources */ = {isa = PBXBuildFile; fileRef = 98962DC519A7C0E700DEE9B5 /* InfoPlist.strings */; };
		98962DC919A7C0E700DEE9B5 /* main.m in Sources */ = {isa = PBXBuildFile; fileRef = 98962DC819A7C0E700DEE9B5 /* main.m */; };
		98962DCD19A7C0E700DEE9B5 /* AppDelegate.m in Sources */ = {isa = PBXBuildFile; fileRef = 98962DCC19A7C0E700DEE9B5 /* AppDelegate.m */; };
		98962DD019A7C0E700DEE9B5 /* Main.storyboard in Resources */ = {isa = PBXBuildFile; fileRef = 98962DCE19A7C0E700DEE9B5 /* Main.storyboard */; };
		98962DD319A7C0E700DEE9B5 /* AlarMockViewController.m in Sources */ = {isa = PBXBuildFile; fileRef = 98962DD219A7C0E700DEE9B5 /* AlarMockViewController.m */; };
		98962DDC19A7C0E700DEE9B5 /* XCTest.framework in Frameworks */ = {isa = PBXBuildFile; fileRef = 98962DDB19A7C0E700DEE9B5 /* XCTest.framework */; };
		98962DDD19A7C0E700DEE9B5 /* Foundation.framework in Frameworks */ = {isa = PBXBuildFile; fileRef = 98962DBC19A7C0E700DEE9B5 /* Foundation.framework */; };
		98962DDE19A7C0E700DEE9B5 /* UIKit.framework in Frameworks */ = {isa = PBXBuildFile; fileRef = 98962DC019A7C0E700DEE9B5 /* UIKit.framework */; };
		98962DE619A7C0E800DEE9B5 /* InfoPlist.strings in Resources */ = {isa = PBXBuildFile; fileRef = 98962DE419A7C0E800DEE9B5 /* InfoPlist.strings */; };
		98962DE819A7C0E800DEE9B5 /* AlarMockTests.m in Sources */ = {isa = PBXBuildFile; fileRef = 98962DE719A7C0E800DEE9B5 /* AlarMockTests.m */; };
		989F4C0B19ACE3150002B543 /* MediaPlayer.framework in Frameworks */ = {isa = PBXBuildFile; fileRef = 989F4C0A19ACE3150002B543 /* MediaPlayer.framework */; };
		E7AAF5F819AAAE910055D07B /* AudioToolbox.framework in Frameworks */ = {isa = PBXBuildFile; fileRef = E7AAF5EF19AAAE910055D07B /* AudioToolbox.framework */; };
		E7AAF5F919AAAE910055D07B /* CFNetwork.framework in Frameworks */ = {isa = PBXBuildFile; fileRef = E7AAF5F019AAAE910055D07B /* CFNetwork.framework */; };
		E7AAF5FA19AAAE910055D07B /* CoreLocation.framework in Frameworks */ = {isa = PBXBuildFile; fileRef = E7AAF5F119AAAE910055D07B /* CoreLocation.framework */; };
		E7AAF5FB19AAAE910055D07B /* libz.dylib in Frameworks */ = {isa = PBXBuildFile; fileRef = E7AAF5F219AAAE910055D07B /* libz.dylib */; };
		E7AAF5FC19AAAE910055D07B /* MobileCoreServices.framework in Frameworks */ = {isa = PBXBuildFile; fileRef = E7AAF5F319AAAE910055D07B /* MobileCoreServices.framework */; };
		E7AAF5FD19AAAE910055D07B /* QuartzCore.framework in Frameworks */ = {isa = PBXBuildFile; fileRef = E7AAF5F419AAAE910055D07B /* QuartzCore.framework */; };
		E7AAF5FE19AAAE910055D07B /* Security.framework in Frameworks */ = {isa = PBXBuildFile; fileRef = E7AAF5F519AAAE910055D07B /* Security.framework */; };
		E7AAF60019AAAE910055D07B /* SystemConfiguration.framework in Frameworks */ = {isa = PBXBuildFile; fileRef = E7AAF5F719AAAE910055D07B /* SystemConfiguration.framework */; };
/* End PBXBuildFile section */

/* Begin PBXContainerItemProxy section */
		98962DDF19A7C0E800DEE9B5 /* PBXContainerItemProxy */ = {
			isa = PBXContainerItemProxy;
			containerPortal = 98962DB119A7C0E700DEE9B5 /* Project object */;
			proxyType = 1;
			remoteGlobalIDString = 98962DB819A7C0E700DEE9B5;
			remoteInfo = AlarMock;
		};
/* End PBXContainerItemProxy section */

/* Begin PBXFileReference section */
		1F6CACA319A7C5070025CB67 /* AddAlarmViewController.h */ = {isa = PBXFileReference; fileEncoding = 4; lastKnownFileType = sourcecode.c.h; path = AddAlarmViewController.h; sourceTree = "<group>"; };
		1F6CACA419A7C5070025CB67 /* AddAlarmViewController.m */ = {isa = PBXFileReference; fileEncoding = 4; lastKnownFileType = sourcecode.c.objc; path = AddAlarmViewController.m; sourceTree = "<group>"; };
		1FDC25F319B6661E0009ED53 /* titleScreen_open.png */ = {isa = PBXFileReference; lastKnownFileType = image.png; path = titleScreen_open.png; sourceTree = "<group>"; };
		1FDC25F619B666F60009ED53 /* Images.xcassets */ = {isa = PBXFileReference; lastKnownFileType = folder.assetcatalog; path = Images.xcassets; sourceTree = "<group>"; };
		60DF75B9A60E451FB11298AB /* libPods.a */ = {isa = PBXFileReference; explicitFileType = archive.ar; includeInIndex = 0; path = libPods.a; sourceTree = BUILT_PRODUCTS_DIR; };
		71623D2319B2B6EC0025AE4B /* JokeCollection.h */ = {isa = PBXFileReference; fileEncoding = 4; lastKnownFileType = sourcecode.c.h; path = JokeCollection.h; sourceTree = "<group>"; };
		71623D2419B2B6EC0025AE4B /* JokeCollection.m */ = {isa = PBXFileReference; fileEncoding = 4; lastKnownFileType = sourcecode.c.objc; path = JokeCollection.m; sourceTree = "<group>"; };
		71A3AE9119B4D23B00D1001C /* NSArray+AMRandomElement.h */ = {isa = PBXFileReference; fileEncoding = 4; lastKnownFileType = sourcecode.c.h; path = "NSArray+AMRandomElement.h"; sourceTree = "<group>"; };
		71A3AE9219B4D23B00D1001C /* NSArray+AMRandomElement.m */ = {isa = PBXFileReference; fileEncoding = 4; lastKnownFileType = sourcecode.c.objc; path = "NSArray+AMRandomElement.m"; sourceTree = "<group>"; };
		71E6BCEA19B2CD0A00FC94F3 /* Default-568h@2x.png */ = {isa = PBXFileReference; lastKnownFileType = image.png; path = "Default-568h@2x.png"; sourceTree = SOURCE_ROOT; };
		7908639219B7C05600EDD19B /* SoundViewController.h */ = {isa = PBXFileReference; fileEncoding = 4; lastKnownFileType = sourcecode.c.h; name = SoundViewController.h; path = ../SoundViewController.h; sourceTree = "<group>"; };
		7908639319B7C05600EDD19B /* SoundViewController.m */ = {isa = PBXFileReference; fileEncoding = 4; lastKnownFileType = sourcecode.c.objc; name = SoundViewController.m; path = ../SoundViewController.m; sourceTree = "<group>"; };
		792A791419ABF4C80099A32F /* AlarMockTableViewCell.h */ = {isa = PBXFileReference; fileEncoding = 4; lastKnownFileType = sourcecode.c.h; path = AlarMockTableViewCell.h; sourceTree = "<group>"; };
		792A791519ABF4C80099A32F /* AlarMockTableViewCell.m */ = {isa = PBXFileReference; fileEncoding = 4; lastKnownFileType = sourcecode.c.objc; path = AlarMockTableViewCell.m; sourceTree = "<group>"; };
		79318CCE19A8E7F70021D655 /* CoreData.framework */ = {isa = PBXFileReference; lastKnownFileType = wrapper.framework; name = CoreData.framework; path = System/Library/Frameworks/CoreData.framework; sourceTree = SDKROOT; };
		79350E2519B4EFD4009E47E6 /* groudhog.mp3 */ = {isa = PBXFileReference; lastKnownFileType = audio.mp3; path = groudhog.mp3; sourceTree = "<group>"; };
		797DF3DA19A962FE00FDD94B /* RepeatViewController.h */ = {isa = PBXFileReference; fileEncoding = 4; lastKnownFileType = sourcecode.c.h; path = RepeatViewController.h; sourceTree = "<group>"; };
		797DF3DB19A962FE00FDD94B /* RepeatViewController.m */ = {isa = PBXFileReference; fileEncoding = 4; lastKnownFileType = sourcecode.c.objc; path = RepeatViewController.m; sourceTree = "<group>"; };
		79A2518D19AE2E7F009174C8 /* AlarmEngine.h */ = {isa = PBXFileReference; fileEncoding = 4; lastKnownFileType = sourcecode.c.h; path = AlarmEngine.h; sourceTree = "<group>"; };
		79A2518E19AE2E7F009174C8 /* AlarmEngine.m */ = {isa = PBXFileReference; fileEncoding = 4; lastKnownFileType = sourcecode.c.objc; path = AlarmEngine.m; sourceTree = "<group>"; };
		79A2519019AF8365009174C8 /* AVFoundation.framework */ = {isa = PBXFileReference; lastKnownFileType = wrapper.framework; name = AVFoundation.framework; path = System/Library/Frameworks/AVFoundation.framework; sourceTree = SDKROOT; };
		79A2A95919B0C5EC005BB9AC /* Alarm.h */ = {isa = PBXFileReference; fileEncoding = 4; lastKnownFileType = sourcecode.c.h; path = Alarm.h; sourceTree = "<group>"; };
		79A2A95A19B0C5EC005BB9AC /* Alarm.m */ = {isa = PBXFileReference; fileEncoding = 4; lastKnownFileType = sourcecode.c.objc; path = Alarm.m; sourceTree = "<group>"; };
		98315AFF19ABD40300D717F0 /* AlarmJoke.h */ = {isa = PBXFileReference; fileEncoding = 4; lastKnownFileType = sourcecode.c.h; path = AlarmJoke.h; sourceTree = "<group>"; };
		98315B0019ABD40300D717F0 /* AlarmJoke.m */ = {isa = PBXFileReference; fileEncoding = 4; lastKnownFileType = sourcecode.c.objc; path = AlarmJoke.m; sourceTree = "<group>"; };
		98315B0219ABD4E700D717F0 /* SnoozeJoke.h */ = {isa = PBXFileReference; fileEncoding = 4; lastKnownFileType = sourcecode.c.h; path = SnoozeJoke.h; sourceTree = "<group>"; };
		98315B0319ABD4E700D717F0 /* SnoozeJoke.m */ = {isa = PBXFileReference; fileEncoding = 4; lastKnownFileType = sourcecode.c.objc; path = SnoozeJoke.m; sourceTree = "<group>"; };
		98341C2C19B7B92E00CA2F3A /* 120x120.png */ = {isa = PBXFileReference; lastKnownFileType = image.png; path = 120x120.png; sourceTree = "<group>"; };
		98962DB919A7C0E700DEE9B5 /* AlarMock.app */ = {isa = PBXFileReference; explicitFileType = wrapper.application; includeInIndex = 0; path = AlarMock.app; sourceTree = BUILT_PRODUCTS_DIR; };
		98962DBC19A7C0E700DEE9B5 /* Foundation.framework */ = {isa = PBXFileReference; lastKnownFileType = wrapper.framework; name = Foundation.framework; path = System/Library/Frameworks/Foundation.framework; sourceTree = SDKROOT; };
		98962DBE19A7C0E700DEE9B5 /* CoreGraphics.framework */ = {isa = PBXFileReference; lastKnownFileType = wrapper.framework; name = CoreGraphics.framework; path = System/Library/Frameworks/CoreGraphics.framework; sourceTree = SDKROOT; };
		98962DC019A7C0E700DEE9B5 /* UIKit.framework */ = {isa = PBXFileReference; lastKnownFileType = wrapper.framework; name = UIKit.framework; path = System/Library/Frameworks/UIKit.framework; sourceTree = SDKROOT; };
		98962DC419A7C0E700DEE9B5 /* AlarMock-Info.plist */ = {isa = PBXFileReference; lastKnownFileType = text.plist.xml; path = "AlarMock-Info.plist"; sourceTree = "<group>"; };
		98962DC619A7C0E700DEE9B5 /* en */ = {isa = PBXFileReference; lastKnownFileType = text.plist.strings; name = en; path = en.lproj/InfoPlist.strings; sourceTree = "<group>"; };
		98962DC819A7C0E700DEE9B5 /* main.m */ = {isa = PBXFileReference; lastKnownFileType = sourcecode.c.objc; path = main.m; sourceTree = "<group>"; };
		98962DCA19A7C0E700DEE9B5 /* AlarMock-Prefix.pch */ = {isa = PBXFileReference; lastKnownFileType = sourcecode.c.h; path = "AlarMock-Prefix.pch"; sourceTree = "<group>"; };
		98962DCB19A7C0E700DEE9B5 /* AppDelegate.h */ = {isa = PBXFileReference; lastKnownFileType = sourcecode.c.h; path = AppDelegate.h; sourceTree = "<group>"; };
		98962DCC19A7C0E700DEE9B5 /* AppDelegate.m */ = {isa = PBXFileReference; lastKnownFileType = sourcecode.c.objc; path = AppDelegate.m; sourceTree = "<group>"; };
		98962DCF19A7C0E700DEE9B5 /* Base */ = {isa = PBXFileReference; lastKnownFileType = file.storyboard; name = Base; path = Base.lproj/Main.storyboard; sourceTree = "<group>"; };
		98962DD119A7C0E700DEE9B5 /* AlarMockViewController.h */ = {isa = PBXFileReference; lastKnownFileType = sourcecode.c.h; path = AlarMockViewController.h; sourceTree = "<group>"; };
		98962DD219A7C0E700DEE9B5 /* AlarMockViewController.m */ = {isa = PBXFileReference; lastKnownFileType = sourcecode.c.objc; path = AlarMockViewController.m; sourceTree = "<group>"; };
		98962DDA19A7C0E700DEE9B5 /* AlarMockTests.xctest */ = {isa = PBXFileReference; explicitFileType = wrapper.cfbundle; includeInIndex = 0; path = AlarMockTests.xctest; sourceTree = BUILT_PRODUCTS_DIR; };
		98962DDB19A7C0E700DEE9B5 /* XCTest.framework */ = {isa = PBXFileReference; lastKnownFileType = wrapper.framework; name = XCTest.framework; path = Library/Frameworks/XCTest.framework; sourceTree = DEVELOPER_DIR; };
		98962DE319A7C0E800DEE9B5 /* AlarMockTests-Info.plist */ = {isa = PBXFileReference; lastKnownFileType = text.plist.xml; path = "AlarMockTests-Info.plist"; sourceTree = "<group>"; };
		98962DE519A7C0E800DEE9B5 /* en */ = {isa = PBXFileReference; lastKnownFileType = text.plist.strings; name = en; path = en.lproj/InfoPlist.strings; sourceTree = "<group>"; };
		98962DE719A7C0E800DEE9B5 /* AlarMockTests.m */ = {isa = PBXFileReference; lastKnownFileType = sourcecode.c.objc; path = AlarMockTests.m; sourceTree = "<group>"; };
		989F4C0A19ACE3150002B543 /* MediaPlayer.framework */ = {isa = PBXFileReference; lastKnownFileType = wrapper.framework; name = MediaPlayer.framework; path = System/Library/Frameworks/MediaPlayer.framework; sourceTree = SDKROOT; };
		E7AAF5EF19AAAE910055D07B /* AudioToolbox.framework */ = {isa = PBXFileReference; lastKnownFileType = wrapper.framework; name = AudioToolbox.framework; path = System/Library/Frameworks/AudioToolbox.framework; sourceTree = SDKROOT; };
		E7AAF5F019AAAE910055D07B /* CFNetwork.framework */ = {isa = PBXFileReference; lastKnownFileType = wrapper.framework; name = CFNetwork.framework; path = System/Library/Frameworks/CFNetwork.framework; sourceTree = SDKROOT; };
		E7AAF5F119AAAE910055D07B /* CoreLocation.framework */ = {isa = PBXFileReference; lastKnownFileType = wrapper.framework; name = CoreLocation.framework; path = System/Library/Frameworks/CoreLocation.framework; sourceTree = SDKROOT; };
		E7AAF5F219AAAE910055D07B /* libz.dylib */ = {isa = PBXFileReference; lastKnownFileType = "compiled.mach-o.dylib"; name = libz.dylib; path = usr/lib/libz.dylib; sourceTree = SDKROOT; };
		E7AAF5F319AAAE910055D07B /* MobileCoreServices.framework */ = {isa = PBXFileReference; lastKnownFileType = wrapper.framework; name = MobileCoreServices.framework; path = System/Library/Frameworks/MobileCoreServices.framework; sourceTree = SDKROOT; };
		E7AAF5F419AAAE910055D07B /* QuartzCore.framework */ = {isa = PBXFileReference; lastKnownFileType = wrapper.framework; name = QuartzCore.framework; path = System/Library/Frameworks/QuartzCore.framework; sourceTree = SDKROOT; };
		E7AAF5F519AAAE910055D07B /* Security.framework */ = {isa = PBXFileReference; lastKnownFileType = wrapper.framework; name = Security.framework; path = System/Library/Frameworks/Security.framework; sourceTree = SDKROOT; };
		E7AAF5F719AAAE910055D07B /* SystemConfiguration.framework */ = {isa = PBXFileReference; lastKnownFileType = wrapper.framework; name = SystemConfiguration.framework; path = System/Library/Frameworks/SystemConfiguration.framework; sourceTree = SDKROOT; };
		F4B85EE3794C404785136EE1 /* Pods.xcconfig */ = {isa = PBXFileReference; includeInIndex = 1; lastKnownFileType = text.xcconfig; name = Pods.xcconfig; path = Pods/Pods.xcconfig; sourceTree = "<group>"; };
/* End PBXFileReference section */

/* Begin PBXFrameworksBuildPhase section */
		98962DB619A7C0E700DEE9B5 /* Frameworks */ = {
			isa = PBXFrameworksBuildPhase;
			buildActionMask = 2147483647;
			files = (
				79A2519119AF8366009174C8 /* AVFoundation.framework in Frameworks */,
				989F4C0B19ACE3150002B543 /* MediaPlayer.framework in Frameworks */,
				E7AAF5F819AAAE910055D07B /* AudioToolbox.framework in Frameworks */,
				E7AAF5F919AAAE910055D07B /* CFNetwork.framework in Frameworks */,
				E7AAF5FA19AAAE910055D07B /* CoreLocation.framework in Frameworks */,
				E7AAF5FB19AAAE910055D07B /* libz.dylib in Frameworks */,
				E7AAF5FC19AAAE910055D07B /* MobileCoreServices.framework in Frameworks */,
				E7AAF5FD19AAAE910055D07B /* QuartzCore.framework in Frameworks */,
				E7AAF5FE19AAAE910055D07B /* Security.framework in Frameworks */,
				E7AAF60019AAAE910055D07B /* SystemConfiguration.framework in Frameworks */,
				98962DBF19A7C0E700DEE9B5 /* CoreGraphics.framework in Frameworks */,
				79318CCF19A8E7F70021D655 /* CoreData.framework in Frameworks */,
				98962DC119A7C0E700DEE9B5 /* UIKit.framework in Frameworks */,
				98962DBD19A7C0E700DEE9B5 /* Foundation.framework in Frameworks */,
				410D4096FBC94DA38C5FBA9E /* libPods.a in Frameworks */,
			);
			runOnlyForDeploymentPostprocessing = 0;
		};
		98962DD719A7C0E700DEE9B5 /* Frameworks */ = {
			isa = PBXFrameworksBuildPhase;
			buildActionMask = 2147483647;
			files = (
				98962DDC19A7C0E700DEE9B5 /* XCTest.framework in Frameworks */,
				98962DDE19A7C0E700DEE9B5 /* UIKit.framework in Frameworks */,
				98962DDD19A7C0E700DEE9B5 /* Foundation.framework in Frameworks */,
			);
			runOnlyForDeploymentPostprocessing = 0;
		};
/* End PBXFrameworksBuildPhase section */

/* Begin PBXGroup section */
		71A3AE9019B4D21E00D1001C /* Utilities */ = {
			isa = PBXGroup;
			children = (
				71A3AE9119B4D23B00D1001C /* NSArray+AMRandomElement.h */,
				71A3AE9219B4D23B00D1001C /* NSArray+AMRandomElement.m */,
			);
			name = Utilities;
			sourceTree = "<group>";
		};
		71E6BCDE19B2CAF400FC94F3 /* Model */ = {
			isa = PBXGroup;
			children = (
				79A2518D19AE2E7F009174C8 /* AlarmEngine.h */,
				79A2518E19AE2E7F009174C8 /* AlarmEngine.m */,
				71623D2319B2B6EC0025AE4B /* JokeCollection.h */,
				71623D2419B2B6EC0025AE4B /* JokeCollection.m */,
				98315AFF19ABD40300D717F0 /* AlarmJoke.h */,
				98315B0019ABD40300D717F0 /* AlarmJoke.m */,
				79A2A95919B0C5EC005BB9AC /* Alarm.h */,
				79A2A95A19B0C5EC005BB9AC /* Alarm.m */,
				98315B0219ABD4E700D717F0 /* SnoozeJoke.h */,
				98315B0319ABD4E700D717F0 /* SnoozeJoke.m */,
			);
			name = Model;
			sourceTree = "<group>";
		};
		71E6BCDF19B2CB9000FC94F3 /* ViewController */ = {
			isa = PBXGroup;
			children = (
				71E6BCE419B2CC0200FC94F3 /* AddAlarmViewController */,
				71E6BCE219B2CBE400FC94F3 /* AlarMockViewController */,
				71E6BCE319B2CBF500FC94F3 /* RepeatViewController */,
				7908639519B7C0D500EDD19B /* SoundViewController */,
			);
			name = ViewController;
			sourceTree = "<group>";
		};
		71E6BCE119B2CBAB00FC94F3 /* Application */ = {
			isa = PBXGroup;
			children = (
				98962DCB19A7C0E700DEE9B5 /* AppDelegate.h */,
				98962DCC19A7C0E700DEE9B5 /* AppDelegate.m */,
			);
			name = Application;
			sourceTree = "<group>";
		};
		71E6BCE219B2CBE400FC94F3 /* AlarMockViewController */ = {
			isa = PBXGroup;
			children = (
				98962DD119A7C0E700DEE9B5 /* AlarMockViewController.h */,
				98962DD219A7C0E700DEE9B5 /* AlarMockViewController.m */,
				792A791419ABF4C80099A32F /* AlarMockTableViewCell.h */,
				792A791519ABF4C80099A32F /* AlarMockTableViewCell.m */,
			);
			name = AlarMockViewController;
			sourceTree = "<group>";
		};
		71E6BCE319B2CBF500FC94F3 /* RepeatViewController */ = {
			isa = PBXGroup;
			children = (
				797DF3DA19A962FE00FDD94B /* RepeatViewController.h */,
				797DF3DB19A962FE00FDD94B /* RepeatViewController.m */,
			);
			name = RepeatViewController;
			sourceTree = "<group>";
		};
		71E6BCE419B2CC0200FC94F3 /* AddAlarmViewController */ = {
			isa = PBXGroup;
			children = (
				1F6CACA319A7C5070025CB67 /* AddAlarmViewController.h */,
				1F6CACA419A7C5070025CB67 /* AddAlarmViewController.m */,
			);
			name = AddAlarmViewController;
			sourceTree = "<group>";
		};
		71E6BCE919B2CC9800FC94F3 /* Resources */ = {
			isa = PBXGroup;
			children = (
				71E6BCEA19B2CD0A00FC94F3 /* Default-568h@2x.png */,
			);
			name = Resources;
			sourceTree = "<group>";
		};
		7908639519B7C0D500EDD19B /* SoundViewController */ = {
			isa = PBXGroup;
			children = (
				7908639219B7C05600EDD19B /* SoundViewController.h */,
				7908639319B7C05600EDD19B /* SoundViewController.m */,
			);
			name = SoundViewController;
			sourceTree = "<group>";
		};
		98962DB019A7C0E700DEE9B5 = {
			isa = PBXGroup;
			children = (
				1FDC25F319B6661E0009ED53 /* titleScreen_open.png */,
				98341C2C19B7B92E00CA2F3A /* 120x120.png */,
				98962DCE19A7C0E700DEE9B5 /* Main.storyboard */,
				98962DC219A7C0E700DEE9B5 /* AlarMock */,
				98962DE119A7C0E800DEE9B5 /* AlarMockTests */,
				98962DBB19A7C0E700DEE9B5 /* Frameworks */,
				98962DBA19A7C0E700DEE9B5 /* Products */,
				F4B85EE3794C404785136EE1 /* Pods.xcconfig */,
			);
			sourceTree = "<group>";
		};
		98962DBA19A7C0E700DEE9B5 /* Products */ = {
			isa = PBXGroup;
			children = (
				98962DB919A7C0E700DEE9B5 /* AlarMock.app */,
				98962DDA19A7C0E700DEE9B5 /* AlarMockTests.xctest */,
			);
			name = Products;
			sourceTree = "<group>";
		};
		98962DBB19A7C0E700DEE9B5 /* Frameworks */ = {
			isa = PBXGroup;
			children = (
				79A2519019AF8365009174C8 /* AVFoundation.framework */,
				989F4C0A19ACE3150002B543 /* MediaPlayer.framework */,
				E7AAF5EF19AAAE910055D07B /* AudioToolbox.framework */,
				E7AAF5F019AAAE910055D07B /* CFNetwork.framework */,
				E7AAF5F119AAAE910055D07B /* CoreLocation.framework */,
				E7AAF5F219AAAE910055D07B /* libz.dylib */,
				E7AAF5F319AAAE910055D07B /* MobileCoreServices.framework */,
				E7AAF5F419AAAE910055D07B /* QuartzCore.framework */,
				E7AAF5F519AAAE910055D07B /* Security.framework */,
				E7AAF5F719AAAE910055D07B /* SystemConfiguration.framework */,
				79318CCE19A8E7F70021D655 /* CoreData.framework */,
				98962DBC19A7C0E700DEE9B5 /* Foundation.framework */,
				98962DBE19A7C0E700DEE9B5 /* CoreGraphics.framework */,
				98962DC019A7C0E700DEE9B5 /* UIKit.framework */,
				98962DDB19A7C0E700DEE9B5 /* XCTest.framework */,
				60DF75B9A60E451FB11298AB /* libPods.a */,
			);
			name = Frameworks;
			sourceTree = "<group>";
		};
		98962DC219A7C0E700DEE9B5 /* AlarMock */ = {
			isa = PBXGroup;
			children = (
				71E6BCE119B2CBAB00FC94F3 /* Application */,
				71E6BCDF19B2CB9000FC94F3 /* ViewController */,
				71E6BCDE19B2CAF400FC94F3 /* Model */,
				71A3AE9019B4D21E00D1001C /* Utilities */,
				71E6BCE919B2CC9800FC94F3 /* Resources */,
				1FDC25F619B666F60009ED53 /* Images.xcassets */,
				98962DC319A7C0E700DEE9B5 /* Supporting Files */,
			);
			path = AlarMock;
			sourceTree = "<group>";
		};
		98962DC319A7C0E700DEE9B5 /* Supporting Files */ = {
			isa = PBXGroup;
			children = (
				79350E2519B4EFD4009E47E6 /* groudhog.mp3 */,
				98962DC419A7C0E700DEE9B5 /* AlarMock-Info.plist */,
				98962DC519A7C0E700DEE9B5 /* InfoPlist.strings */,
				98962DC819A7C0E700DEE9B5 /* main.m */,
				98962DCA19A7C0E700DEE9B5 /* AlarMock-Prefix.pch */,
			);
			name = "Supporting Files";
			sourceTree = "<group>";
		};
		98962DE119A7C0E800DEE9B5 /* AlarMockTests */ = {
			isa = PBXGroup;
			children = (
				98962DE719A7C0E800DEE9B5 /* AlarMockTests.m */,
				98962DE219A7C0E800DEE9B5 /* Supporting Files */,
			);
			path = AlarMockTests;
			sourceTree = "<group>";
		};
		98962DE219A7C0E800DEE9B5 /* Supporting Files */ = {
			isa = PBXGroup;
			children = (
				98962DE319A7C0E800DEE9B5 /* AlarMockTests-Info.plist */,
				98962DE419A7C0E800DEE9B5 /* InfoPlist.strings */,
			);
			name = "Supporting Files";
			sourceTree = "<group>";
		};
/* End PBXGroup section */

/* Begin PBXNativeTarget section */
		98962DB819A7C0E700DEE9B5 /* AlarMock */ = {
			isa = PBXNativeTarget;
			buildConfigurationList = 98962DEB19A7C0E800DEE9B5 /* Build configuration list for PBXNativeTarget "AlarMock" */;
			buildPhases = (
				3F553982D25645C48BF3A76D /* Check Pods Manifest.lock */,
				98962DB519A7C0E700DEE9B5 /* Sources */,
				98962DB619A7C0E700DEE9B5 /* Frameworks */,
				98962DB719A7C0E700DEE9B5 /* Resources */,
				2B8CDFF4EE024FCEB175D48D /* Copy Pods Resources */,
			);
			buildRules = (
			);
			dependencies = (
			);
			name = AlarMock;
			productName = AlarMock;
			productReference = 98962DB919A7C0E700DEE9B5 /* AlarMock.app */;
			productType = "com.apple.product-type.application";
		};
		98962DD919A7C0E700DEE9B5 /* AlarMockTests */ = {
			isa = PBXNativeTarget;
			buildConfigurationList = 98962DEE19A7C0E800DEE9B5 /* Build configuration list for PBXNativeTarget "AlarMockTests" */;
			buildPhases = (
				98962DD619A7C0E700DEE9B5 /* Sources */,
				98962DD719A7C0E700DEE9B5 /* Frameworks */,
				98962DD819A7C0E700DEE9B5 /* Resources */,
			);
			buildRules = (
			);
			dependencies = (
				98962DE019A7C0E800DEE9B5 /* PBXTargetDependency */,
			);
			name = AlarMockTests;
			productName = AlarMockTests;
			productReference = 98962DDA19A7C0E700DEE9B5 /* AlarMockTests.xctest */;
			productType = "com.apple.product-type.bundle.unit-test";
		};
/* End PBXNativeTarget section */

/* Begin PBXProject section */
		98962DB119A7C0E700DEE9B5 /* Project object */ = {
			isa = PBXProject;
			attributes = {
				LastUpgradeCheck = 0510;
				ORGANIZATIONNAME = "AlarMock Industries";
				TargetAttributes = {
					98962DB819A7C0E700DEE9B5 = {
						DevelopmentTeam = ERG78UCJDH;
						SystemCapabilities = {
							com.apple.InAppPurchase = {
								enabled = 0;
							};
						};
					};
					98962DD919A7C0E700DEE9B5 = {
						TestTargetID = 98962DB819A7C0E700DEE9B5;
					};
				};
			};
			buildConfigurationList = 98962DB419A7C0E700DEE9B5 /* Build configuration list for PBXProject "AlarMock" */;
			compatibilityVersion = "Xcode 3.2";
			developmentRegion = English;
			hasScannedForEncodings = 0;
			knownRegions = (
				en,
				Base,
			);
			mainGroup = 98962DB019A7C0E700DEE9B5;
			productRefGroup = 98962DBA19A7C0E700DEE9B5 /* Products */;
			projectDirPath = "";
			projectRoot = "";
			targets = (
				98962DB819A7C0E700DEE9B5 /* AlarMock */,
				98962DD919A7C0E700DEE9B5 /* AlarMockTests */,
			);
		};
/* End PBXProject section */

/* Begin PBXResourcesBuildPhase section */
		98962DB719A7C0E700DEE9B5 /* Resources */ = {
			isa = PBXResourcesBuildPhase;
			buildActionMask = 2147483647;
			files = (
				1FDC25F519B6661E0009ED53 /* titleScreen_open.png in Resources */,
				98962DC719A7C0E700DEE9B5 /* InfoPlist.strings in Resources */,
				1FDC25F719B666F60009ED53 /* Images.xcassets in Resources */,
				79350E2619B4EFD4009E47E6 /* groudhog.mp3 in Resources */,
				98341C2D19B7B92E00CA2F3A /* 120x120.png in Resources */,
				71E6BCEB19B2CD0A00FC94F3 /* Default-568h@2x.png in Resources */,
				98962DD019A7C0E700DEE9B5 /* Main.storyboard in Resources */,
			);
			runOnlyForDeploymentPostprocessing = 0;
		};
		98962DD819A7C0E700DEE9B5 /* Resources */ = {
			isa = PBXResourcesBuildPhase;
			buildActionMask = 2147483647;
			files = (
				98962DE619A7C0E800DEE9B5 /* InfoPlist.strings in Resources */,
			);
			runOnlyForDeploymentPostprocessing = 0;
		};
/* End PBXResourcesBuildPhase section */

/* Begin PBXShellScriptBuildPhase section */
		2B8CDFF4EE024FCEB175D48D /* Copy Pods Resources */ = {
			isa = PBXShellScriptBuildPhase;
			buildActionMask = 2147483647;
			files = (
			);
			inputPaths = (
			);
			name = "Copy Pods Resources";
			outputPaths = (
			);
			runOnlyForDeploymentPostprocessing = 0;
			shellPath = /bin/sh;
			shellScript = "\"${SRCROOT}/Pods/Pods-resources.sh\"\n";
			showEnvVarsInLog = 0;
		};
		3F553982D25645C48BF3A76D /* Check Pods Manifest.lock */ = {
			isa = PBXShellScriptBuildPhase;
			buildActionMask = 2147483647;
			files = (
			);
			inputPaths = (
			);
			name = "Check Pods Manifest.lock";
			outputPaths = (
			);
			runOnlyForDeploymentPostprocessing = 0;
			shellPath = /bin/sh;
			shellScript = "diff \"${PODS_ROOT}/../Podfile.lock\" \"${PODS_ROOT}/Manifest.lock\" > /dev/null\nif [[ $? != 0 ]] ; then\n    cat << EOM\nerror: The sandbox is not in sync with the Podfile.lock. Run 'pod install' or update your CocoaPods installation.\nEOM\n    exit 1\nfi\n";
			showEnvVarsInLog = 0;
		};
/* End PBXShellScriptBuildPhase section */

/* Begin PBXSourcesBuildPhase section */
		98962DB519A7C0E700DEE9B5 /* Sources */ = {
			isa = PBXSourcesBuildPhase;
			buildActionMask = 2147483647;
			files = (
				98315B0119ABD40300D717F0 /* AlarmJoke.m in Sources */,
				79A2A95B19B0C5EC005BB9AC /* Alarm.m in Sources */,
				98315B0419ABD4E700D717F0 /* SnoozeJoke.m in Sources */,
				98962DD319A7C0E700DEE9B5 /* AlarMockViewController.m in Sources */,
				79A2518F19AE2E7F009174C8 /* AlarmEngine.m in Sources */,
				792A791619ABF4C80099A32F /* AlarMockTableViewCell.m in Sources */,
				1F6CACA519A7C5070025CB67 /* AddAlarmViewController.m in Sources */,
				71623D2519B2B6EC0025AE4B /* JokeCollection.m in Sources */,
				71A3AE9319B4D23B00D1001C /* NSArray+AMRandomElement.m in Sources */,
				7908639419B7C05600EDD19B /* SoundViewController.m in Sources */,
				98962DCD19A7C0E700DEE9B5 /* AppDelegate.m in Sources */,
				797DF3DC19A962FE00FDD94B /* RepeatViewController.m in Sources */,
				98962DC919A7C0E700DEE9B5 /* main.m in Sources */,
			);
			runOnlyForDeploymentPostprocessing = 0;
		};
		98962DD619A7C0E700DEE9B5 /* Sources */ = {
			isa = PBXSourcesBuildPhase;
			buildActionMask = 2147483647;
			files = (
				98962DE819A7C0E800DEE9B5 /* AlarMockTests.m in Sources */,
			);
			runOnlyForDeploymentPostprocessing = 0;
		};
/* End PBXSourcesBuildPhase section */

/* Begin PBXTargetDependency section */
		98962DE019A7C0E800DEE9B5 /* PBXTargetDependency */ = {
			isa = PBXTargetDependency;
			target = 98962DB819A7C0E700DEE9B5 /* AlarMock */;
			targetProxy = 98962DDF19A7C0E800DEE9B5 /* PBXContainerItemProxy */;
		};
/* End PBXTargetDependency section */

/* Begin PBXVariantGroup section */
		98962DC519A7C0E700DEE9B5 /* InfoPlist.strings */ = {
			isa = PBXVariantGroup;
			children = (
				98962DC619A7C0E700DEE9B5 /* en */,
			);
			name = InfoPlist.strings;
			sourceTree = "<group>";
		};
		98962DCE19A7C0E700DEE9B5 /* Main.storyboard */ = {
			isa = PBXVariantGroup;
			children = (
				98962DCF19A7C0E700DEE9B5 /* Base */,
			);
			name = Main.storyboard;
			path = AlarMock;
			sourceTree = "<group>";
		};
		98962DE419A7C0E800DEE9B5 /* InfoPlist.strings */ = {
			isa = PBXVariantGroup;
			children = (
				98962DE519A7C0E800DEE9B5 /* en */,
			);
			name = InfoPlist.strings;
			sourceTree = "<group>";
		};
/* End PBXVariantGroup section */

/* Begin XCBuildConfiguration section */
		98962DE919A7C0E800DEE9B5 /* Debug */ = {
			isa = XCBuildConfiguration;
			buildSettings = {
				ALWAYS_SEARCH_USER_PATHS = NO;
				CLANG_CXX_LANGUAGE_STANDARD = "gnu++0x";
				CLANG_CXX_LIBRARY = "libc++";
				CLANG_ENABLE_MODULES = YES;
				CLANG_ENABLE_OBJC_ARC = YES;
				CLANG_WARN_BOOL_CONVERSION = YES;
				CLANG_WARN_CONSTANT_CONVERSION = YES;
				CLANG_WARN_DIRECT_OBJC_ISA_USAGE = YES_ERROR;
				CLANG_WARN_EMPTY_BODY = YES;
				CLANG_WARN_ENUM_CONVERSION = YES;
				CLANG_WARN_INT_CONVERSION = YES;
				CLANG_WARN_OBJC_ROOT_CLASS = YES_ERROR;
				CLANG_WARN__DUPLICATE_METHOD_MATCH = YES;
				"CODE_SIGN_IDENTITY[sdk=iphoneos*]" = "iPhone Developer";
				COPY_PHASE_STRIP = NO;
				GCC_C_LANGUAGE_STANDARD = gnu99;
				GCC_DYNAMIC_NO_PIC = NO;
				GCC_OPTIMIZATION_LEVEL = 0;
				GCC_PREPROCESSOR_DEFINITIONS = (
					"DEBUG=1",
					"$(inherited)",
				);
				GCC_SYMBOLS_PRIVATE_EXTERN = NO;
				GCC_WARN_64_TO_32_BIT_CONVERSION = YES;
				GCC_WARN_ABOUT_RETURN_TYPE = YES_ERROR;
				GCC_WARN_UNDECLARED_SELECTOR = YES;
				GCC_WARN_UNINITIALIZED_AUTOS = YES_AGGRESSIVE;
				GCC_WARN_UNUSED_FUNCTION = YES;
				GCC_WARN_UNUSED_VARIABLE = YES;
				IPHONEOS_DEPLOYMENT_TARGET = 7.1;
				ONLY_ACTIVE_ARCH = YES;
				SDKROOT = iphoneos;
			};
			name = Debug;
		};
		98962DEA19A7C0E800DEE9B5 /* Release */ = {
			isa = XCBuildConfiguration;
			buildSettings = {
				ALWAYS_SEARCH_USER_PATHS = NO;
				CLANG_CXX_LANGUAGE_STANDARD = "gnu++0x";
				CLANG_CXX_LIBRARY = "libc++";
				CLANG_ENABLE_MODULES = YES;
				CLANG_ENABLE_OBJC_ARC = YES;
				CLANG_WARN_BOOL_CONVERSION = YES;
				CLANG_WARN_CONSTANT_CONVERSION = YES;
				CLANG_WARN_DIRECT_OBJC_ISA_USAGE = YES_ERROR;
				CLANG_WARN_EMPTY_BODY = YES;
				CLANG_WARN_ENUM_CONVERSION = YES;
				CLANG_WARN_INT_CONVERSION = YES;
				CLANG_WARN_OBJC_ROOT_CLASS = YES_ERROR;
				CLANG_WARN__DUPLICATE_METHOD_MATCH = YES;
				CODE_SIGN_IDENTITY = "iPhone Distribution: Daniel Hogan (ERG78UCJDH)";
				"CODE_SIGN_IDENTITY[sdk=iphoneos*]" = "iPhone Distribution: Daniel Hogan (ERG78UCJDH)";
				COPY_PHASE_STRIP = YES;
				ENABLE_NS_ASSERTIONS = NO;
				GCC_C_LANGUAGE_STANDARD = gnu99;
				GCC_WARN_64_TO_32_BIT_CONVERSION = YES;
				GCC_WARN_ABOUT_RETURN_TYPE = YES_ERROR;
				GCC_WARN_UNDECLARED_SELECTOR = YES;
				GCC_WARN_UNINITIALIZED_AUTOS = YES_AGGRESSIVE;
				GCC_WARN_UNUSED_FUNCTION = YES;
				GCC_WARN_UNUSED_VARIABLE = YES;
				IPHONEOS_DEPLOYMENT_TARGET = 7.1;
				PROVISIONING_PROFILE = "28c6ec7f-aed0-4b96-8ecc-81285579196a";
				SDKROOT = iphoneos;
				VALIDATE_PRODUCT = YES;
			};
			name = Release;
		};
		98962DEC19A7C0E800DEE9B5 /* Debug */ = {
			isa = XCBuildConfiguration;
			baseConfigurationReference = F4B85EE3794C404785136EE1 /* Pods.xcconfig */;
			buildSettings = {
				ASSETCATALOG_COMPILER_APPICON_NAME = AppIcon;
				ASSETCATALOG_COMPILER_LAUNCHIMAGE_NAME = LaunchImage;
				CODE_SIGN_IDENTITY = "iPhone Developer";
				"CODE_SIGN_IDENTITY[sdk=iphoneos*]" = "iPhone Developer";
				FRAMEWORK_SEARCH_PATHS = (
					"$(inherited)",
					"$(PROJECT_DIR)",
				);
				GCC_PRECOMPILE_PREFIX_HEADER = YES;
				GCC_PREFIX_HEADER = "AlarMock/AlarMock-Prefix.pch";
				INFOPLIST_FILE = "AlarMock/AlarMock-Info.plist";
				PRODUCT_NAME = "$(TARGET_NAME)";
				PROVISIONING_PROFILE = "";
				WRAPPER_EXTENSION = app;
			};
			name = Debug;
		};
		98962DED19A7C0E800DEE9B5 /* Release */ = {
			isa = XCBuildConfiguration;
			baseConfigurationReference = F4B85EE3794C404785136EE1 /* Pods.xcconfig */;
			buildSettings = {
				ASSETCATALOG_COMPILER_APPICON_NAME = AppIcon;
				ASSETCATALOG_COMPILER_LAUNCHIMAGE_NAME = LaunchImage;
				CODE_SIGN_IDENTITY = "iPhone Developer";
				"CODE_SIGN_IDENTITY[sdk=iphoneos*]" = "iPhone Developer";
				FRAMEWORK_SEARCH_PATHS = (
					"$(inherited)",
					"$(PROJECT_DIR)",
				);
				GCC_PRECOMPILE_PREFIX_HEADER = YES;
				GCC_PREFIX_HEADER = "AlarMock/AlarMock-Prefix.pch";
				INFOPLIST_FILE = "AlarMock/AlarMock-Info.plist";
				PRODUCT_NAME = "$(TARGET_NAME)";
				PROVISIONING_PROFILE = "";
				WRAPPER_EXTENSION = app;
			};
			name = Release;
		};
		98962DEF19A7C0E800DEE9B5 /* Debug */ = {
			isa = XCBuildConfiguration;
			buildSettings = {
				BUNDLE_LOADER = "$(BUILT_PRODUCTS_DIR)/AlarMock.app/AlarMock";
				FRAMEWORK_SEARCH_PATHS = (
					"$(SDKROOT)/Developer/Library/Frameworks",
					"$(inherited)",
					"$(DEVELOPER_FRAMEWORKS_DIR)",
				);
				GCC_PRECOMPILE_PREFIX_HEADER = YES;
				GCC_PREFIX_HEADER = "AlarMock/AlarMock-Prefix.pch";
				GCC_PREPROCESSOR_DEFINITIONS = (
					"DEBUG=1",
					"$(inherited)",
				);
				INFOPLIST_FILE = "AlarMockTests/AlarMockTests-Info.plist";
				PRODUCT_NAME = "$(TARGET_NAME)";
				TEST_HOST = "$(BUNDLE_LOADER)";
				WRAPPER_EXTENSION = xctest;
			};
			name = Debug;
		};
		98962DF019A7C0E800DEE9B5 /* Release */ = {
			isa = XCBuildConfiguration;
			buildSettings = {
				BUNDLE_LOADER = "$(BUILT_PRODUCTS_DIR)/AlarMock.app/AlarMock";
				FRAMEWORK_SEARCH_PATHS = (
					"$(SDKROOT)/Developer/Library/Frameworks",
					"$(inherited)",
					"$(DEVELOPER_FRAMEWORKS_DIR)",
				);
				GCC_PRECOMPILE_PREFIX_HEADER = YES;
				GCC_PREFIX_HEADER = "AlarMock/AlarMock-Prefix.pch";
				INFOPLIST_FILE = "AlarMockTests/AlarMockTests-Info.plist";
				PRODUCT_NAME = "$(TARGET_NAME)";
				TEST_HOST = "$(BUNDLE_LOADER)";
				WRAPPER_EXTENSION = xctest;
			};
			name = Release;
		};
/* End XCBuildConfiguration section */

/* Begin XCConfigurationList section */
		98962DB419A7C0E700DEE9B5 /* Build configuration list for PBXProject "AlarMock" */ = {
			isa = XCConfigurationList;
			buildConfigurations = (
				98962DE919A7C0E800DEE9B5 /* Debug */,
				98962DEA19A7C0E800DEE9B5 /* Release */,
			);
			defaultConfigurationIsVisible = 0;
			defaultConfigurationName = Release;
		};
		98962DEB19A7C0E800DEE9B5 /* Build configuration list for PBXNativeTarget "AlarMock" */ = {
			isa = XCConfigurationList;
			buildConfigurations = (
				98962DEC19A7C0E800DEE9B5 /* Debug */,
				98962DED19A7C0E800DEE9B5 /* Release */,
			);
			defaultConfigurationIsVisible = 0;
			defaultConfigurationName = Release;
		};
		98962DEE19A7C0E800DEE9B5 /* Build configuration list for PBXNativeTarget "AlarMockTests" */ = {
			isa = XCConfigurationList;
			buildConfigurations = (
				98962DEF19A7C0E800DEE9B5 /* Debug */,
				98962DF019A7C0E800DEE9B5 /* Release */,
			);
			defaultConfigurationIsVisible = 0;
			defaultConfigurationName = Release;
		};
/* End XCConfigurationList section */
	};
	rootObject = 98962DB119A7C0E700DEE9B5 /* Project object */;
}
